
Microsoft Visual Studio Solution File, Format Version 12.00
Project("{2150E333-8FDC-42A3-9474-1A3956D46DE8}") = "src", "src", "{2218B66E-D625-4AA9-958C-5BF6487780C7}"
EndProject
Project("{2150E333-8FDC-42A3-9474-1A3956D46DE8}") = "test", "test", "{F0DF8418-66E8-401B-B8F0-3C166EE49E00}"
EndProject
Project("{FAE04EC0-301F-11D3-BF4B-00C04F79EFBC}") = "HsNsH.HackerRank.Challenges.Tests", "test\HsNsH.HackerRank.Challenges.Tests\HsNsH.HackerRank.Challenges.Tests.csproj", "{00E829F9-C889-4DCE-B5E4-7F7C89844734}"
EndProject
Project("{FAE04EC0-301F-11D3-BF4B-00C04F79EFBC}") = "HsNsH.HackerRank.Challenges.Algorithms", "src\HsNsH.HackerRank.Challenges.Algorithms\HsNsH.HackerRank.Challenges.Algorithms.csproj", "{D7408106-BE27-40FE-9485-FC0E5C33ED47}"
EndProject
Project("{FAE04EC0-301F-11D3-BF4B-00C04F79EFBC}") = "HsNsH.HackerRank.Challenges.DataStructures", "src\HsNsH.HackerRank.Challenges.DataStructures\HsNsH.HackerRank.Challenges.DataStructures.csproj", "{44BDD522-0080-46F4-84F5-CE6ADDD86430}"
EndProject
Project("{FAE04EC0-301F-11D3-BF4B-00C04F79EFBC}") = "HsNsH.HackerRank.Challenges.Core", "src\HsNsH.HackerRank.Challenges.Core\HsNsH.HackerRank.Challenges.Core.csproj", "{1B0603D1-0B3C-4F0E-9987-C6C7EBAAC893}"
EndProject
Project("{2150E333-8FDC-42A3-9474-1A3956D46DE8}") = "Base", "Base", "{ED1F50FD-BE11-47D7-8C5F-DACC4D141868}"
EndProject
Project("{FAE04EC0-301F-11D3-BF4B-00C04F79EFBC}") = "HsNsH.HackerRank.Challenges.InterviewKit", "src\HsNsH.HackerRank.Challenges.InterviewKit\HsNsH.HackerRank.Challenges.InterviewKit.csproj", "{487611BF-FB74-4F14-AF69-7B75ABBD0EB1}"
EndProject
Project("{FAE04EC0-301F-11D3-BF4B-00C04F79EFBC}") = "HsNsH.HackerRank.Challenges.CustomTests", "test\HsNsH.HackerRank.Challenges.CustomTests\HsNsH.HackerRank.Challenges.CustomTests.csproj", "{3DC92F86-148B-44BC-9849-62C61C129F9B}"
EndProject
Project("{FAE04EC0-301F-11D3-BF4B-00C04F79EFBC}") = "HsNsH.Custom.Challenges", "src\HsNsH.Custom.Challenges\HsNsH.Custom.Challenges.csproj", "{155AA5CA-5454-4FEC-8D0A-8C8AD08FDBB3}"
EndProject
Global
	GlobalSection(SolutionConfigurationPlatforms) = preSolution
		Debug|Any CPU = Debug|Any CPU
		Release|Any CPU = Release|Any CPU
	EndGlobalSection
	GlobalSection(NestedProjects) = preSolution
		{00E829F9-C889-4DCE-B5E4-7F7C89844734} = {F0DF8418-66E8-401B-B8F0-3C166EE49E00}
		{D7408106-BE27-40FE-9485-FC0E5C33ED47} = {2218B66E-D625-4AA9-958C-5BF6487780C7}
		{44BDD522-0080-46F4-84F5-CE6ADDD86430} = {2218B66E-D625-4AA9-958C-5BF6487780C7}
		{ED1F50FD-BE11-47D7-8C5F-DACC4D141868} = {2218B66E-D625-4AA9-958C-5BF6487780C7}
		{1B0603D1-0B3C-4F0E-9987-C6C7EBAAC893} = {ED1F50FD-BE11-47D7-8C5F-DACC4D141868}
		{487611BF-FB74-4F14-AF69-7B75ABBD0EB1} = {2218B66E-D625-4AA9-958C-5BF6487780C7}
		{3DC92F86-148B-44BC-9849-62C61C129F9B} = {F0DF8418-66E8-401B-B8F0-3C166EE49E00}
		{155AA5CA-5454-4FEC-8D0A-8C8AD08FDBB3} = {2218B66E-D625-4AA9-958C-5BF6487780C7}
	EndGlobalSection
	GlobalSection(ProjectConfigurationPlatforms) = postSolution
		{00E829F9-C889-4DCE-B5E4-7F7C89844734}.Debug|Any CPU.ActiveCfg = Debug|Any CPU
		{00E829F9-C889-4DCE-B5E4-7F7C89844734}.Debug|Any CPU.Build.0 = Debug|Any CPU
		{00E829F9-C889-4DCE-B5E4-7F7C89844734}.Release|Any CPU.ActiveCfg = Release|Any CPU
		{00E829F9-C889-4DCE-B5E4-7F7C89844734}.Release|Any CPU.Build.0 = Release|Any CPU
		{D7408106-BE27-40FE-9485-FC0E5C33ED47}.Debug|Any CPU.ActiveCfg = Debug|Any CPU
		{D7408106-BE27-40FE-9485-FC0E5C33ED47}.Debug|Any CPU.Build.0 = Debug|Any CPU
		{D7408106-BE27-40FE-9485-FC0E5C33ED47}.Release|Any CPU.ActiveCfg = Release|Any CPU
		{D7408106-BE27-40FE-9485-FC0E5C33ED47}.Release|Any CPU.Build.0 = Release|Any CPU
		{44BDD522-0080-46F4-84F5-CE6ADDD86430}.Debug|Any CPU.ActiveCfg = Debug|Any CPU
		{44BDD522-0080-46F4-84F5-CE6ADDD86430}.Debug|Any CPU.Build.0 = Debug|Any CPU
		{44BDD522-0080-46F4-84F5-CE6ADDD86430}.Release|Any CPU.ActiveCfg = Release|Any CPU
		{44BDD522-0080-46F4-84F5-CE6ADDD86430}.Release|Any CPU.Build.0 = Release|Any CPU
		{1B0603D1-0B3C-4F0E-9987-C6C7EBAAC893}.Debug|Any CPU.ActiveCfg = Debug|Any CPU
		{1B0603D1-0B3C-4F0E-9987-C6C7EBAAC893}.Debug|Any CPU.Build.0 = Debug|Any CPU
		{1B0603D1-0B3C-4F0E-9987-C6C7EBAAC893}.Release|Any CPU.ActiveCfg = Release|Any CPU
		{1B0603D1-0B3C-4F0E-9987-C6C7EBAAC893}.Release|Any CPU.Build.0 = Release|Any CPU
		{487611BF-FB74-4F14-AF69-7B75ABBD0EB1}.Debug|Any CPU.ActiveCfg = Debug|Any CPU
		{487611BF-FB74-4F14-AF69-7B75ABBD0EB1}.Debug|Any CPU.Build.0 = Debug|Any CPU
		{487611BF-FB74-4F14-AF69-7B75ABBD0EB1}.Release|Any CPU.ActiveCfg = Release|Any CPU
		{487611BF-FB74-4F14-AF69-7B75ABBD0EB1}.Release|Any CPU.Build.0 = Release|Any CPU
		{3DC92F86-148B-44BC-9849-62C61C129F9B}.Debug|Any CPU.ActiveCfg = Debug|Any CPU
		{3DC92F86-148B-44BC-9849-62C61C129F9B}.Debug|Any CPU.Build.0 = Debug|Any CPU
		{3DC92F86-148B-44BC-9849-62C61C129F9B}.Release|Any CPU.ActiveCfg = Release|Any CPU
		{3DC92F86-148B-44BC-9849-62C61C129F9B}.Release|Any CPU.Build.0 = Release|Any CPU
		{155AA5CA-5454-4FEC-8D0A-8C8AD08FDBB3}.Debug|Any CPU.ActiveCfg = Debug|Any CPU
		{155AA5CA-5454-4FEC-8D0A-8C8AD08FDBB3}.Debug|Any CPU.Build.0 = Debug|Any CPU
		{155AA5CA-5454-4FEC-8D0A-8C8AD08FDBB3}.Release|Any CPU.ActiveCfg = Release|Any CPU
		{155AA5CA-5454-4FEC-8D0A-8C8AD08FDBB3}.Release|Any CPU.Build.0 = Release|Any CPU
	EndGlobalSection
EndGlobal
